
Microsoft Visual Studio Solution File, Format Version 12.00
# Visual Studio Version 16
VisualStudioVersion = 16.0.30330.147
MinimumVisualStudioVersion = 10.0.40219.1
Project("{FAE04EC0-301F-11D3-BF4B-00C04F79EFBC}") = "WebApplication4", "WebApplication4\WebApplication4.csproj", "{A6D560AF-139D-456D-9FA6-0A36B745D38E}"
EndProject
Global
	GlobalSection(SolutionConfigurationPlatforms) = preSolution
		Debug|Any CPU = Debug|Any CPU
		Release|Any CPU = Release|Any CPU
	EndGlobalSection
	GlobalSection(ProjectConfigurationPlatforms) = postSolution
		{A6D560AF-139D-456D-9FA6-0A36B745D38E}.Debug|Any CPU.ActiveCfg = Debug|Any CPU
		{A6D560AF-139D-456D-9FA6-0A36B745D38E}.Debug|Any CPU.Build.0 = Debug|Any CPU
		{A6D560AF-139D-456D-9FA6-0A36B745D38E}.Release|Any CPU.ActiveCfg = Release|Any CPU
		{A6D560AF-139D-456D-9FA6-0A36B745D38E}.Release|Any CPU.Build.0 = Release|Any CPU
	EndGlobalSection
	GlobalSection(SolutionProperties) = preSolution
		HideSolutionNode = FALSE
	EndGlobalSection
	GlobalSection(ExtensibilityGlobals) = postSolution
		SolutionGuid = {F94E8AC2-3C44-4889-881C-10B7CCC2C62B}
	EndGlobalSection
EndGlobal
